
Microsoft Visual Studio Solution File, Format Version 12.00
# Visual Studio Version 17
VisualStudioVersion = 17.8.34309.116
MinimumVisualStudioVersion = 10.0.40219.1
Project("{FAE04EC0-301F-11D3-BF4B-00C04F79EFBC}") = "VolptManagment", "VolptManagment.csproj", "{C448603C-042F-4AE8-AC4D-2DFEC0832814}"
EndProject
Global
	GlobalSection(SolutionConfigurationPlatforms) = preSolution
		Debug|Any CPU = Debug|Any CPU
		Release|Any CPU = Release|Any CPU
	EndGlobalSection
	GlobalSection(ProjectConfigurationPlatforms) = postSolution
		{C448603C-042F-4AE8-AC4D-2DFEC0832814}.Debug|Any CPU.ActiveCfg = Debug|Any CPU
		{C448603C-042F-4AE8-AC4D-2DFEC0832814}.Debug|Any CPU.Build.0 = Debug|Any CPU
		{C448603C-042F-4AE8-AC4D-2DFEC0832814}.Release|Any CPU.ActiveCfg = Release|Any CPU
		{C448603C-042F-4AE8-AC4D-2DFEC0832814}.Release|Any CPU.Build.0 = Release|Any CPU
	EndGlobalSection
	GlobalSection(SolutionProperties) = preSolution
		HideSolutionNode = FALSE
	EndGlobalSection
	GlobalSection(ExtensibilityGlobals) = postSolution
		SolutionGuid = {4756FB2A-57CA-44B1-B7DC-D541E63632B2}
	EndGlobalSection
EndGlobal
